Microsoft Visual Studio Solution File, Format Version 12.00
# Visual Studio Version 17
VisualStudioVersion = 17.0.31903.59
MinimumVisualStudioVersion = 10.0.40219.1
Project("{FAE04EC0-301F-11D3-BF4B-00C04F79EFBC}") = "CANDesk.Hal", "src\CANDesk.Hal\CANDesk.Hal.csproj", "{1E85CC9E-AB4B-4C3C-AEBB-933A3BE7B4E2}"
EndProject
Project("{FAE04EC0-301F-11D3-BF4B-00C04F79EFBC}") = "CANDesk.Core", "src\CANDesk.Core\CANDesk.Core.csproj", "{B6D6E210-0172-420B-8DE1-F41D620BBACA}"
EndProject
Project("{FAE04EC0-301F-11D3-BF4B-00C04F79EFBC}") = "CANDesk.Hal.Mock", "src\CANDesk.Hal.Mock\CANDesk.Hal.Mock.csproj", "{FB3FA239-8CD2-42E2-AFB1-0B6F9F572FBB}"
EndProject
Project("{FAE04EC0-301F-11D3-BF4B-00C04F79EFBC}") = "CANDesk.App", "src\CANDesk.App\CANDesk.App.csproj", "{92F69239-BF4A-4BB9-8E3A-3E4375F6772F}"
EndProject
Project("{FAE04EC0-301F-11D3-BF4B-00C04F79EFBC}") = "CANDesk.Core.Tests", "tests\CANDesk.Core.Tests\CANDesk.Core.Tests.csproj", "{8D56B0B1-E218-4A40-AAB1-F97CF08EE1A7}"
EndProject
Project("{FAE04EC0-301F-11D3-BF4B-00C04F79EFBC}") = "CANDesk.Hal.Peak", "src\CANDesk.Hal.Peak\CANDesk.Hal.Peak.csproj", "{4A1B7B3E-8C2E-4B2E-9D7F-1B7E5F6A2C11}"
EndProject
Project("{FAE04EC0-301F-11D3-BF4B-00C04F79EFBC}") = "CANDesk.Hal.Vector", "src\CANDesk.Hal.Vector\CANDesk.Hal.Vector.csproj", "{6F2C9D4A-3E7B-4F1A-8E2D-2C9A6B4F1D22}"
EndProject
Project("{FAE04EC0-301F-11D3-BF4B-00C04F79EFBC}") = "CANDesk.Hal.Candlelight", "src\CANDesk.Hal.Candlelight\CANDesk.Hal.Candlelight.csproj", "{3F3D4D9E-4BC3-48D0-A52B-4A3D42E28D93}"
EndProject
Project("{2150E333-8FDC-42A3-9474-1A3956D46DE8}") = "tests", "tests", "{0AB3BF05-4346-4AA6-1389-037BE0695223}"
EndProject
Project("{FAE04EC0-301F-11D3-BF4B-00C04F79EFBC}") = "CANDesk.IntegrationTests", "tests\CANDesk.IntegrationTests\CANDesk.IntegrationTests.csproj", "{6FC1775D-E7FF-41B6-8F74-499F56292DF5}"
EndProject
Project("{2150E333-8FDC-42A3-9474-1A3956D46DE8}") = "src", "src", "{827E0CD3-B72D-47B6-A68D-7590B98EB39B}"
EndProject
Project("{FAE04EC0-301F-11D3-BF4B-00C04F79EFBC}") = "CANDesk.Hal.Kvaser", "src\CANDesk.Hal.Kvaser\CANDesk.Hal.Kvaser.csproj", "{B68C5250-F0B5-46CF-AEDA-7983B537F89B}"
EndProject
Project("{FAE04EC0-301F-11D3-BF4B-00C04F79EFBC}") = "CANDesk.Hal.ValueCan", "src\CANDesk.Hal.ValueCan\CANDesk.Hal.ValueCan.csproj", "{92D42488-C84D-4208-9C51-DC405A0E87D0}"
EndProject
Global
	GlobalSection(SolutionConfigurationPlatforms) = preSolution
		Debug|Any CPU = Debug|Any CPU
		Debug|x64 = Debug|x64
		Debug|x86 = Debug|x86
		Release|Any CPU = Release|Any CPU
		Release|x64 = Release|x64
		Release|x86 = Release|x86
	EndGlobalSection
	GlobalSection(ProjectConfigurationPlatforms) = postSolution
		{1E85CC9E-AB4B-4C3C-AEBB-933A3BE7B4E2}.Debug|Any CPU.ActiveCfg = Debug|Any CPU
		{1E85CC9E-AB4B-4C3C-AEBB-933A3BE7B4E2}.Debug|Any CPU.Build.0 = Debug|Any CPU
		{1E85CC9E-AB4B-4C3C-AEBB-933A3BE7B4E2}.Debug|x64.ActiveCfg = Debug|Any CPU
		{1E85CC9E-AB4B-4C3C-AEBB-933A3BE7B4E2}.Debug|x64.Build.0 = Debug|Any CPU
		{1E85CC9E-AB4B-4C3C-AEBB-933A3BE7B4E2}.Debug|x86.ActiveCfg = Debug|Any CPU
		{1E85CC9E-AB4B-4C3C-AEBB-933A3BE7B4E2}.Debug|x86.Build.0 = Debug|Any CPU
		{1E85CC9E-AB4B-4C3C-AEBB-933A3BE7B4E2}.Release|Any CPU.ActiveCfg = Release|Any CPU
		{1E85CC9E-AB4B-4C3C-AEBB-933A3BE7B4E2}.Release|Any CPU.Build.0 = Release|Any CPU
		{1E85CC9E-AB4B-4C3C-AEBB-933A3BE7B4E2}.Release|x64.ActiveCfg = Release|Any CPU
		{1E85CC9E-AB4B-4C3C-AEBB-933A3BE7B4E2}.Release|x64.Build.0 = Release|Any CPU
		{1E85CC9E-AB4B-4C3C-AEBB-933A3BE7B4E2}.Release|x86.ActiveCfg = Release|Any CPU
		{1E85CC9E-AB4B-4C3C-AEBB-933A3BE7B4E2}.Release|x86.Build.0 = Release|Any CPU
		{B6D6E210-0172-420B-8DE1-F41D620BBACA}.Debug|Any CPU.ActiveCfg = Debug|Any CPU
		{B6D6E210-0172-420B-8DE1-F41D620BBACA}.Debug|Any CPU.Build.0 = Debug|Any CPU
		{B6D6E210-0172-420B-8DE1-F41D620BBACA}.Debug|x64.ActiveCfg = Debug|Any CPU
		{B6D6E210-0172-420B-8DE1-F41D620BBACA}.Debug|x64.Build.0 = Debug|Any CPU
		{B6D6E210-0172-420B-8DE1-F41D620BBACA}.Debug|x86.ActiveCfg = Debug|Any CPU
		{B6D6E210-0172-420B-8DE1-F41D620BBACA}.Debug|x86.Build.0 = Debug|Any CPU
		{B6D6E210-0172-420B-8DE1-F41D620BBACA}.Release|Any CPU.ActiveCfg = Release|Any CPU
		{B6D6E210-0172-420B-8DE1-F41D620BBACA}.Release|Any CPU.Build.0 = Release|Any CPU
		{B6D6E210-0172-420B-8DE1-F41D620BBACA}.Release|x64.ActiveCfg = Release|Any CPU
		{B6D6E210-0172-420B-8DE1-F41D620BBACA}.Release|x64.Build.0 = Release|Any CPU
		{B6D6E210-0172-420B-8DE1-F41D620BBACA}.Release|x86.ActiveCfg = Release|Any CPU
		{B6D6E210-0172-420B-8DE1-F41D620BBACA}.Release|x86.Build.0 = Release|Any CPU
		{FB3FA239-8CD2-42E2-AFB1-0B6F9F572FBB}.Debug|Any CPU.ActiveCfg = Debug|Any CPU
		{FB3FA239-8CD2-42E2-AFB1-0B6F9F572FBB}.Debug|Any CPU.Build.0 = Debug|Any CPU
		{FB3FA239-8CD2-42E2-AFB1-0B6F9F572FBB}.Debug|x64.ActiveCfg = Debug|Any CPU
		{FB3FA239-8CD2-42E2-AFB1-0B6F9F572FBB}.Debug|x64.Build.0 = Debug|Any CPU
		{FB3FA239-8CD2-42E2-AFB1-0B6F9F572FBB}.Debug|x86.ActiveCfg = Debug|Any CPU
		{FB3FA239-8CD2-42E2-AFB1-0B6F9F572FBB}.Debug|x86.Build.0 = Debug|Any CPU
		{FB3FA239-8CD2-42E2-AFB1-0B6F9F572FBB}.Release|Any CPU.ActiveCfg = Release|Any CPU
		{FB3FA239-8CD2-42E2-AFB1-0B6F9F572FBB}.Release|Any CPU.Build.0 = Release|Any CPU
		{FB3FA239-8CD2-42E2-AFB1-0B6F9F572FBB}.Release|x64.ActiveCfg = Release|Any CPU
		{FB3FA239-8CD2-42E2-AFB1-0B6F9F572FBB}.Release|x64.Build.0 = Release|Any CPU
		{FB3FA239-8CD2-42E2-AFB1-0B6F9F572FBB}.Release|x86.ActiveCfg = Release|Any CPU
		{FB3FA239-8CD2-42E2-AFB1-0B6F9F572FBB}.Release|x86.Build.0 = Release|Any CPU
		{92F69239-BF4A-4BB9-8E3A-3E4375F6772F}.Debug|Any CPU.ActiveCfg = Debug|Any CPU
		{92F69239-BF4A-4BB9-8E3A-3E4375F6772F}.Debug|Any CPU.Build.0 = Debug|Any CPU
		{92F69239-BF4A-4BB9-8E3A-3E4375F6772F}.Debug|x64.ActiveCfg = Debug|Any CPU
		{92F69239-BF4A-4BB9-8E3A-3E4375F6772F}.Debug|x64.Build.0 = Debug|Any CPU
		{92F69239-BF4A-4BB9-8E3A-3E4375F6772F}.Debug|x86.ActiveCfg = Debug|Any CPU
		{92F69239-BF4A-4BB9-8E3A-3E4375F6772F}.Debug|x86.Build.0 = Debug|Any CPU
		{92F69239-BF4A-4BB9-8E3A-3E4375F6772F}.Release|Any CPU.ActiveCfg = Release|Any CPU
		{92F69239-BF4A-4BB9-8E3A-3E4375F6772F}.Release|Any CPU.Build.0 = Release|Any CPU
		{92F69239-BF4A-4BB9-8E3A-3E4375F6772F}.Release|x64.ActiveCfg = Release|Any CPU
		{92F69239-BF4A-4BB9-8E3A-3E4375F6772F}.Release|x64.Build.0 = Release|Any CPU
		{92F69239-BF4A-4BB9-8E3A-3E4375F6772F}.Release|x86.ActiveCfg = Release|Any CPU
		{92F69239-BF4A-4BB9-8E3A-3E4375F6772F}.Release|x86.Build.0 = Release|Any CPU
		{8D56B0B1-E218-4A40-AAB1-F97CF08EE1A7}.Debug|Any CPU.ActiveCfg = Debug|Any CPU
		{8D56B0B1-E218-4A40-AAB1-F97CF08EE1A7}.Debug|Any CPU.Build.0 = Debug|Any CPU
		{8D56B0B1-E218-4A40-AAB1-F97CF08EE1A7}.Debug|x64.ActiveCfg = Debug|Any CPU
		{8D56B0B1-E218-4A40-AAB1-F97CF08EE1A7}.Debug|x64.Build.0 = Debug|Any CPU
		{8D56B0B1-E218-4A40-AAB1-F97CF08EE1A7}.Debug|x86.ActiveCfg = Debug|Any CPU
		{8D56B0B1-E218-4A40-AAB1-F97CF08EE1A7}.Debug|x86.Build.0 = Debug|Any CPU
		{8D56B0B1-E218-4A40-AAB1-F97CF08EE1A7}.Release|Any CPU.ActiveCfg = Release|Any CPU
		{8D56B0B1-E218-4A40-AAB1-F97CF08EE1A7}.Release|Any CPU.Build.0 = Release|Any CPU
		{8D56B0B1-E218-4A40-AAB1-F97CF08EE1A7}.Release|x64.ActiveCfg = Release|Any CPU
		{8D56B0B1-E218-4A40-AAB1-F97CF08EE1A7}.Release|x64.Build.0 = Release|Any CPU
		{8D56B0B1-E218-4A40-AAB1-F97CF08EE1A7}.Release|x86.ActiveCfg = Release|Any CPU
		{8D56B0B1-E218-4A40-AAB1-F97CF08EE1A7}.Release|x86.Build.0 = Release|Any CPU
		{4A1B7B3E-8C2E-4B2E-9D7F-1B7E5F6A2C11}.Debug|Any CPU.ActiveCfg = Debug|Any CPU
		{4A1B7B3E-8C2E-4B2E-9D7F-1B7E5F6A2C11}.Debug|Any CPU.Build.0 = Debug|Any CPU
		{4A1B7B3E-8C2E-4B2E-9D7F-1B7E5F6A2C11}.Debug|x64.ActiveCfg = Debug|Any CPU
		{4A1B7B3E-8C2E-4B2E-9D7F-1B7E5F6A2C11}.Debug|x64.Build.0 = Debug|Any CPU
		{4A1B7B3E-8C2E-4B2E-9D7F-1B7E5F6A2C11}.Debug|x86.ActiveCfg = Debug|Any CPU
		{4A1B7B3E-8C2E-4B2E-9D7F-1B7E5F6A2C11}.Debug|x86.Build.0 = Debug|Any CPU
		{4A1B7B3E-8C2E-4B2E-9D7F-1B7E5F6A2C11}.Release|Any CPU.ActiveCfg = Release|Any CPU
		{4A1B7B3E-8C2E-4B2E-9D7F-1B7E5F6A2C11}.Release|Any CPU.Build.0 = Release|Any CPU
		{4A1B7B3E-8C2E-4B2E-9D7F-1B7E5F6A2C11}.Release|x64.ActiveCfg = Release|Any CPU
		{4A1B7B3E-8C2E-4B2E-9D7F-1B7E5F6A2C11}.Release|x64.Build.0 = Release|Any CPU
		{4A1B7B3E-8C2E-4B2E-9D7F-1B7E5F6A2C11}.Release|x86.ActiveCfg = Release|Any CPU
		{4A1B7B3E-8C2E-4B2E-9D7F-1B7E5F6A2C11}.Release|x86.Build.0 = Release|Any CPU
		{6F2C9D4A-3E7B-4F1A-8E2D-2C9A6B4F1D22}.Debug|Any CPU.ActiveCfg = Debug|Any CPU
		{6F2C9D4A-3E7B-4F1A-8E2D-2C9A6B4F1D22}.Debug|Any CPU.Build.0 = Debug|Any CPU
		{6F2C9D4A-3E7B-4F1A-8E2D-2C9A6B4F1D22}.Debug|x64.ActiveCfg = Debug|Any CPU
		{6F2C9D4A-3E7B-4F1A-8E2D-2C9A6B4F1D22}.Debug|x64.Build.0 = Debug|Any CPU
		{6F2C9D4A-3E7B-4F1A-8E2D-2C9A6B4F1D22}.Debug|x86.ActiveCfg = Debug|Any CPU
		{6F2C9D4A-3E7B-4F1A-8E2D-2C9A6B4F1D22}.Debug|x86.Build.0 = Debug|Any CPU
		{6F2C9D4A-3E7B-4F1A-8E2D-2C9A6B4F1D22}.Release|Any CPU.ActiveCfg = Release|Any CPU
		{6F2C9D4A-3E7B-4F1A-8E2D-2C9A6B4F1D22}.Release|Any CPU.Build.0 = Release|Any CPU
		{6F2C9D4A-3E7B-4F1A-8E2D-2C9A6B4F1D22}.Release|x64.ActiveCfg = Release|Any CPU
		{6F2C9D4A-3E7B-4F1A-8E2D-2C9A6B4F1D22}.Release|x64.Build.0 = Release|Any CPU
		{6F2C9D4A-3E7B-4F1A-8E2D-2C9A6B4F1D22}.Release|x86.ActiveCfg = Release|Any CPU
		{6F2C9D4A-3E7B-4F1A-8E2D-2C9A6B4F1D22}.Release|x86.Build.0 = Release|Any CPU
		{3F3D4D9E-4BC3-48D0-A52B-4A3D42E28D93}.Debug|Any CPU.ActiveCfg = Debug|Any CPU
		{3F3D4D9E-4BC3-48D0-A52B-4A3D42E28D93}.Debug|Any CPU.Build.0 = Debug|Any CPU
		{3F3D4D9E-4BC3-48D0-A52B-4A3D42E28D93}.Debug|x64.ActiveCfg = Debug|Any CPU
		{3F3D4D9E-4BC3-48D0-A52B-4A3D42E28D93}.Debug|x64.Build.0 = Debug|Any CPU
		{3F3D4D9E-4BC3-48D0-A52B-4A3D42E28D93}.Debug|x86.ActiveCfg = Debug|Any CPU
		{3F3D4D9E-4BC3-48D0-A52B-4A3D42E28D93}.Debug|x86.Build.0 = Debug|Any CPU
		{3F3D4D9E-4BC3-48D0-A52B-4A3D42E28D93}.Release|Any CPU.ActiveCfg = Release|Any CPU
		{3F3D4D9E-4BC3-48D0-A52B-4A3D42E28D93}.Release|Any CPU.Build.0 = Release|Any CPU
		{3F3D4D9E-4BC3-48D0-A52B-4A3D42E28D93}.Release|x64.ActiveCfg = Release|Any CPU
		{3F3D4D9E-4BC3-48D0-A52B-4A3D42E28D93}.Release|x64.Build.0 = Release|Any CPU
		{3F3D4D9E-4BC3-48D0-A52B-4A3D42E28D93}.Release|x86.ActiveCfg = Release|Any CPU
		{3F3D4D9E-4BC3-48D0-A52B-4A3D42E28D93}.Release|x86.Build.0 = Release|Any CPU
		{6FC1775D-E7FF-41B6-8F74-499F56292DF5}.Debug|Any CPU.ActiveCfg = Debug|Any CPU
		{6FC1775D-E7FF-41B6-8F74-499F56292DF5}.Debug|Any CPU.Build.0 = Debug|Any CPU
		{6FC1775D-E7FF-41B6-8F74-499F56292DF5}.Debug|x64.ActiveCfg = Debug|Any CPU
		{6FC1775D-E7FF-41B6-8F74-499F56292DF5}.Debug|x64.Build.0 = Debug|Any CPU
		{6FC1775D-E7FF-41B6-8F74-499F56292DF5}.Debug|x86.ActiveCfg = Debug|Any CPU
		{6FC1775D-E7FF-41B6-8F74-499F56292DF5}.Debug|x86.Build.0 = Debug|Any CPU
		{6FC1775D-E7FF-41B6-8F74-499F56292DF5}.Release|Any CPU.ActiveCfg = Release|Any CPU
		{6FC1775D-E7FF-41B6-8F74-499F56292DF5}.Release|Any CPU.Build.0 = Release|Any CPU
		{6FC1775D-E7FF-41B6-8F74-499F56292DF5}.Release|x64.ActiveCfg = Release|Any CPU
		{6FC1775D-E7FF-41B6-8F74-499F56292DF5}.Release|x64.Build.0 = Release|Any CPU
		{6FC1775D-E7FF-41B6-8F74-499F56292DF5}.Release|x86.ActiveCfg = Release|Any CPU
		{6FC1775D-E7FF-41B6-8F74-499F56292DF5}.Release|x86.Build.0 = Release|Any CPU
		{B68C5250-F0B5-46CF-AEDA-7983B537F89B}.Debug|Any CPU.ActiveCfg = Debug|Any CPU
		{B68C5250-F0B5-46CF-AEDA-7983B537F89B}.Debug|Any CPU.Build.0 = Debug|Any CPU
		{B68C5250-F0B5-46CF-AEDA-7983B537F89B}.Debug|x64.ActiveCfg = Debug|Any CPU
		{B68C5250-F0B5-46CF-AEDA-7983B537F89B}.Debug|x64.Build.0 = Debug|Any CPU
		{B68C5250-F0B5-46CF-AEDA-7983B537F89B}.Debug|x86.ActiveCfg = Debug|Any CPU
		{B68C5250-F0B5-46CF-AEDA-7983B537F89B}.Debug|x86.Build.0 = Debug|Any CPU
		{B68C5250-F0B5-46CF-AEDA-7983B537F89B}.Release|Any CPU.ActiveCfg = Release|Any CPU
		{B68C5250-F0B5-46CF-AEDA-7983B537F89B}.Release|Any CPU.Build.0 = Release|Any CPU
		{B68C5250-F0B5-46CF-AEDA-7983B537F89B}.Release|x64.ActiveCfg = Release|Any CPU
		{B68C5250-F0B5-46CF-AEDA-7983B537F89B}.Release|x64.Build.0 = Release|Any CPU
		{B68C5250-F0B5-46CF-AEDA-7983B537F89B}.Release|x86.ActiveCfg = Release|Any CPU
		{B68C5250-F0B5-46CF-AEDA-7983B537F89B}.Release|x86.Build.0 = Release|Any CPU
		{92D42488-C84D-4208-9C51-DC405A0E87D0}.Debug|Any CPU.ActiveCfg = Debug|Any CPU
		{92D42488-C84D-4208-9C51-DC405A0E87D0}.Debug|Any CPU.Build.0 = Debug|Any CPU
		{92D42488-C84D-4208-9C51-DC405A0E87D0}.Debug|x64.ActiveCfg = Debug|Any CPU
		{92D42488-C84D-4208-9C51-DC405A0E87D0}.Debug|x64.Build.0 = Debug|Any CPU
		{92D42488-C84D-4208-9C51-DC405A0E87D0}.Debug|x86.ActiveCfg = Debug|Any CPU
		{92D42488-C84D-4208-9C51-DC405A0E87D0}.Debug|x86.Build.0 = Debug|Any CPU
		{92D42488-C84D-4208-9C51-DC405A0E87D0}.Release|Any CPU.ActiveCfg = Release|Any CPU
		{92D42488-C84D-4208-9C51-DC405A0E87D0}.Release|Any CPU.Build.0 = Release|Any CPU
		{92D42488-C84D-4208-9C51-DC405A0E87D0}.Release|x64.ActiveCfg = Release|Any CPU
		{92D42488-C84D-4208-9C51-DC405A0E87D0}.Release|x64.Build.0 = Release|Any CPU
		{92D42488-C84D-4208-9C51-DC405A0E87D0}.Release|x86.ActiveCfg = Release|Any CPU
		{92D42488-C84D-4208-9C51-DC405A0E87D0}.Release|x86.Build.0 = Release|Any CPU
	EndGlobalSection
	GlobalSection(SolutionProperties) = preSolution
		HideSolutionNode = FALSE
	EndGlobalSection
	GlobalSection(NestedProjects) = preSolution
		{6FC1775D-E7FF-41B6-8F74-499F56292DF5} = {0AB3BF05-4346-4AA6-1389-037BE0695223}
		{B68C5250-F0B5-46CF-AEDA-7983B537F89B} = {827E0CD3-B72D-47B6-A68D-7590B98EB39B}
		{92D42488-C84D-4208-9C51-DC405A0E87D0} = {827E0CD3-B72D-47B6-A68D-7590B98EB39B}
	EndGlobalSection
EndGlobal
